
Microsoft Visual Studio Solution File, Format Version 12.00
# Visual Studio Version 17
VisualStudioVersion = 17.8.34309.116
MinimumVisualStudioVersion = 10.0.40219.1
Project("{9A19103F-16F7-4668-BE54-9A1E7A4F7556}") = "DevilDare", "DevilDare.csproj", "{7C1F3627-3C46-4CB8-8EFF-864B5DD115F2}"
EndProject
Global
	GlobalSection(SolutionConfigurationPlatforms) = preSolution
		Debug|Any CPU = Debug|Any CPU
		ExportDebug|Any CPU = ExportDebug|Any CPU
		ExportRelease|Any CPU = ExportRelease|Any CPU
	EndGlobalSection
	GlobalSection(ProjectConfigurationPlatforms) = postSolution
		{7C1F3627-3C46-4CB8-8EFF-864B5DD115F2}.Debug|Any CPU.ActiveCfg = Debug|Any CPU
		{7C1F3627-3C46-4CB8-8EFF-864B5DD115F2}.Debug|Any CPU.Build.0 = Debug|Any CPU
		{7C1F3627-3C46-4CB8-8EFF-864B5DD115F2}.ExportDebug|Any CPU.ActiveCfg = ExportDebug|Any CPU
		{7C1F3627-3C46-4CB8-8EFF-864B5DD115F2}.ExportDebug|Any CPU.Build.0 = ExportDebug|Any CPU
		{7C1F3627-3C46-4CB8-8EFF-864B5DD115F2}.ExportRelease|Any CPU.ActiveCfg = ExportRelease|Any CPU
		{7C1F3627-3C46-4CB8-8EFF-864B5DD115F2}.ExportRelease|Any CPU.Build.0 = ExportRelease|Any CPU
	EndGlobalSection
	GlobalSection(SolutionProperties) = preSolution
		HideSolutionNode = FALSE
	EndGlobalSection
	GlobalSection(ExtensibilityGlobals) = postSolution
		SolutionGuid = {B36850F8-C625-41FF-94ED-C117C9BBB50A}
	EndGlobalSection
EndGlobal
